// !$*UTF8*$!
{
	archiveVersion = 1;
	classes = {
	};
	objectVersion = 56;
	objects = {

/* Begin PBXBuildFile section */
		08D6754CB3974B63BB5D7FD2 /* RedemptionsCard.swift in Sources */ = {isa = PBXBuildFile; fileRef = 6075ADFFD2904E07AF741291 /* RedemptionsCard.swift */; };
		0DA412D2A02C44A195DF93B0 /* ChildrenManager.swift in Sources */ = {isa = PBXBuildFile; fileRef = 13DDA333D53741979BC786C8 /* ChildrenManager.swift */; };
		19B34F3A9B3046EFAD7A7ABE /* DashboardViewModel.swift in Sources */ = {isa = PBXBuildFile; fileRef = 6A98C0711BAE449B807EB55F /* DashboardViewModel.swift */; };
		1BEAD5F5331545D99E1B143F /* ParentModeView.swift in Sources */ = {isa = PBXBuildFile; fileRef = 34B90601D2FA400C847505DA /* ParentModeView.swift */; };
		2B8030B084B34D7A835EE402 /* CategoryRulesManager.swift in Sources */ = {isa = PBXBuildFile; fileRef = 7D4EA94DCDE0464AB8F9F8F1 /* CategoryRulesManager.swift */; };
		41682CBFDC404BF29C96053E /* MultiChildDashboardView.swift in Sources */ = {isa = PBXBuildFile; fileRef = E2D509F5020B4151859084D6 /* MultiChildDashboardView.swift */; };
		432A8A9D2E92C7DC00E03796 /* RedemptionCoordinator.swift in Sources */ = {isa = PBXBuildFile; fileRef = 432A8A9C2E92C7DC00E03796 /* RedemptionCoordinator.swift */; };
		432A8A9F2E92C7F000E03796 /* ChildRedemptionView.swift in Sources */ = {isa = PBXBuildFile; fileRef = 432A8A9E2E92C7F000E03796 /* ChildRedemptionView.swift */; };
		432A8AA12E92CCE600E03796 /* CloudKitMapper.swift in Sources */ = {isa = PBXBuildFile; fileRef = 432A8AA02E92CCE600E03796 /* CloudKitMapper.swift */; };
		432A8AA32E92CF7700E03796 /* CountdownTimerView.swift in Sources */ = {isa = PBXBuildFile; fileRef = 432A8AA22E92CF7700E03796 /* CountdownTimerView.swift */; };
		432A8AA52E92CF8A00E03796 /* DashboardView.swift in Sources */ = {isa = PBXBuildFile; fileRef = 432A8AA42E92CF8A00E03796 /* DashboardView.swift */; };
		432A8AA72E94AC5C00E03796 /* ChildModeHomeView.swift in Sources */ = {isa = PBXBuildFile; fileRef = 432A8AA62E94AC5C00E03796 /* ChildModeHomeView.swift */; };
		432A8AA92E94AC6500E03796 /* ActiveRewardTimeView.swift in Sources */ = {isa = PBXBuildFile; fileRef = 432A8AA82E94AC6500E03796 /* ActiveRewardTimeView.swift */; };
		4BC4A6A96C324133823D79C0 /* RedemptionService.swift in Sources */ = {isa = PBXBuildFile; fileRef = 1A4D89FB4BB9434E9541282E /* RedemptionService.swift */; };
		5C88686AC522427197256D46 /* AppCategorizationView.swift in Sources */ = {isa = PBXBuildFile; fileRef = E896DFBB48584CB187C1E735 /* AppCategorizationView.swift */; };
		62D49C4C7CF54D6D8C576E1E /* ExemptionManager.swift in Sources */ = {isa = PBXBuildFile; fileRef = D06177B58C5C4EC19F9BD6E6 /* ExemptionManager.swift */; };
		64658F53A12048CBB3347791 /* LearningTimeCard.swift in Sources */ = {isa = PBXBuildFile; fileRef = 0F0A5A13C21542C79E447C5B /* LearningTimeCard.swift */; };
		66A679F598DD4497903C277E /* PairingService.swift in Sources */ = {isa = PBXBuildFile; fileRef = 9B1985C2240B42F0A30A0AAA /* PairingService.swift */; };
		6A2DA29E8CBC420699994D28 /* DashboardCard.swift in Sources */ = {isa = PBXBuildFile; fileRef = F68595205A864E8394A52EDD /* DashboardCard.swift */; };
		6D28F1A6090F4DB9839CDE78 /* ExportView.swift in Sources */ = {isa = PBXBuildFile; fileRef = A1E67DA07E9E4804A4A5151A /* ExportView.swift */; };
		8FEBEEDA189E40919E08B934 /* ShieldStatusCard.swift in Sources */ = {isa = PBXBuildFile; fileRef = 0BF4E45F21A54E7EA0FA115F /* ShieldStatusCard.swift */; };
		912614E6AB404A9A80FF88C8 /* ChildLinkingView.swift in Sources */ = {isa = PBXBuildFile; fileRef = 9198F97EF27D4025801FDA78 /* ChildLinkingView.swift */; };
		A10000112B6D000000000001 /* ClaudexApp.swift in Sources */ = {isa = PBXBuildFile; fileRef = A10000102B6D000000000001 /* ClaudexApp.swift */; };
		A10000132B6D000000000001 /* AppModels.swift in Sources */ = {isa = PBXBuildFile; fileRef = A10000122B6D000000000001 /* AppModels.swift */; };
		A10000152B6D000000000001 /* PointsEngine.swift in Sources */ = {isa = PBXBuildFile; fileRef = A10000142B6D000000000001 /* PointsEngine.swift */; };
		A10000172B6D000000000001 /* ScreenTimeService.swift in Sources */ = {isa = PBXBuildFile; fileRef = A10000162B6D000000000001 /* ScreenTimeService.swift */; };
		A10000192B6D000000000001 /* SyncService.swift in Sources */ = {isa = PBXBuildFile; fileRef = A10000182B6D000000000001 /* SyncService.swift */; };
		A10000302B6D000000000001 /* AuthorizationCoordinator.swift in Sources */ = {isa = PBXBuildFile; fileRef = A100002F2B6D000000000001 /* AuthorizationCoordinator.swift */; };
		A10000312B6D000000000002 /* LearningSessionCoordinator.swift in Sources */ = {isa = PBXBuildFile; fileRef = A10000332B6D000000000002 /* LearningSessionCoordinator.swift */; };
		A10000322B6D000000000002 /* RewardCoordinator.swift in Sources */ = {isa = PBXBuildFile; fileRef = A10000342B6D000000000002 /* RewardCoordinator.swift */; };
		A10000352B6D000000000002 /* AuditLog.swift in Sources */ = {isa = PBXBuildFile; fileRef = A10000352B6D000000000001 /* AuditLog.swift */; };
		A10000362B6D000000000004 /* AddChildSheet.swift in Sources */ = {isa = PBXBuildFile; fileRef = A10000362B6D000000000003 /* AddChildSheet.swift */; };
		A10000372B6D000000000005 /* FeatureFlags.swift in Sources */ = {isa = PBXBuildFile; fileRef = A10000372B6D000000000004 /* FeatureFlags.swift */; };
		A20000382B6D000000000005 /* PairingStatusCard.swift in Sources */ = {isa = PBXBuildFile; fileRef = A20000392B6D000000000006 /* PairingStatusCard.swift */; };
		A30000382B6D000000000007 /* ManageChildrenView.swift in Sources */ = {isa = PBXBuildFile; fileRef = A30000392B6D000000000008 /* ManageChildrenView.swift */; };
		AF74CC913F4642C88C9AB017 /* PointsLedger.swift in Sources */ = {isa = PBXBuildFile; fileRef = 23B3A0A871F6497DA90A3104 /* PointsLedger.swift */; };
		C7687F500A96443693F21C1C /* DataExporter.swift in Sources */ = {isa = PBXBuildFile; fileRef = 5CE7850EDF984DA8B28A3E41 /* DataExporter.swift */; };
		E0C89EBCDC374C4586984060 /* PointsBalanceCard.swift in Sources */ = {isa = PBXBuildFile; fileRef = 9172FD87BC4A44F6B24E0CE0 /* PointsBalanceCard.swift */; };
		EA86DFC2F35341E89D55A024 /* PairingCodeView.swift in Sources */ = {isa = PBXBuildFile; fileRef = 12920D839D1A42189337E9DB /* PairingCodeView.swift */; };
/* End PBXBuildFile section */

/* Begin PBXFileReference section */
		0BF4E45F21A54E7EA0FA115F /* ShieldStatusCard.swift */ = {isa = PBXFileReference; lastKnownFileType = sourcecode.swift; path = ShieldStatusCard.swift; sourceTree = "<group>"; };
		0F0A5A13C21542C79E447C5B /* LearningTimeCard.swift */ = {isa = PBXFileReference; lastKnownFileType = sourcecode.swift; path = LearningTimeCard.swift; sourceTree = "<group>"; };
		12920D839D1A42189337E9DB /* PairingCodeView.swift */ = {isa = PBXFileReference; lastKnownFileType = sourcecode.swift; path = PairingCodeView.swift; sourceTree = "<group>"; };
		13DDA333D53741979BC786C8 /* ChildrenManager.swift */ = {isa = PBXFileReference; lastKnownFileType = sourcecode.swift; path = ChildrenManager.swift; sourceTree = "<group>"; };
		1A4D89FB4BB9434E9541282E /* RedemptionService.swift */ = {isa = PBXFileReference; lastKnownFileType = sourcecode.swift; path = RedemptionService.swift; sourceTree = "<group>"; };
		23B3A0A871F6497DA90A3104 /* PointsLedger.swift */ = {isa = PBXFileReference; lastKnownFileType = sourcecode.swift; path = PointsLedger.swift; sourceTree = "<group>"; };
		34B90601D2FA400C847505DA /* ParentModeView.swift */ = {isa = PBXFileReference; lastKnownFileType = sourcecode.swift; path = ParentModeView.swift; sourceTree = "<group>"; };
		432A8A9C2E92C7DC00E03796 /* RedemptionCoordinator.swift */ = {isa = PBXFileReference; lastKnownFileType = sourcecode.swift; path = RedemptionCoordinator.swift; sourceTree = "<group>"; };
		432A8A9E2E92C7F000E03796 /* ChildRedemptionView.swift */ = {isa = PBXFileReference; lastKnownFileType = sourcecode.swift; path = ChildRedemptionView.swift; sourceTree = "<group>"; };
		432A8AA02E92CCE600E03796 /* CloudKitMapper.swift */ = {isa = PBXFileReference; lastKnownFileType = sourcecode.swift; path = CloudKitMapper.swift; sourceTree = "<group>"; };
		432A8AA22E92CF7700E03796 /* CountdownTimerView.swift */ = {isa = PBXFileReference; lastKnownFileType = sourcecode.swift; path = CountdownTimerView.swift; sourceTree = "<group>"; };
		432A8AA42E92CF8A00E03796 /* DashboardView.swift */ = {isa = PBXFileReference; lastKnownFileType = sourcecode.swift; path = DashboardView.swift; sourceTree = "<group>"; };
		432A8AA62E94AC5C00E03796 /* ChildModeHomeView.swift */ = {isa = PBXFileReference; lastKnownFileType = sourcecode.swift; path = ChildModeHomeView.swift; sourceTree = "<group>"; };
		432A8AA82E94AC6500E03796 /* ActiveRewardTimeView.swift */ = {isa = PBXFileReference; lastKnownFileType = sourcecode.swift; path = ActiveRewardTimeView.swift; sourceTree = "<group>"; };
		5CE7850EDF984DA8B28A3E41 /* DataExporter.swift */ = {isa = PBXFileReference; lastKnownFileType = sourcecode.swift; path = DataExporter.swift; sourceTree = "<group>"; };
		6075ADFFD2904E07AF741291 /* RedemptionsCard.swift */ = {isa = PBXFileReference; lastKnownFileType = sourcecode.swift; path = RedemptionsCard.swift; sourceTree = "<group>"; };
		6A98C0711BAE449B807EB55F /* DashboardViewModel.swift */ = {isa = PBXFileReference; lastKnownFileType = sourcecode.swift; path = DashboardViewModel.swift; sourceTree = "<group>"; };
		7D4EA94DCDE0464AB8F9F8F1 /* CategoryRulesManager.swift */ = {isa = PBXFileReference; lastKnownFileType = sourcecode.swift; path = CategoryRulesManager.swift; sourceTree = "<group>"; };
		9172FD87BC4A44F6B24E0CE0 /* PointsBalanceCard.swift */ = {isa = PBXFileReference; lastKnownFileType = sourcecode.swift; path = PointsBalanceCard.swift; sourceTree = "<group>"; };
		9198F97EF27D4025801FDA78 /* ChildLinkingView.swift */ = {isa = PBXFileReference; lastKnownFileType = sourcecode.swift; path = ChildLinkingView.swift; sourceTree = "<group>"; };
		9B1985C2240B42F0A30A0AAA /* PairingService.swift */ = {isa = PBXFileReference; lastKnownFileType = sourcecode.swift; path = PairingService.swift; sourceTree = "<group>"; };
		A10000012B6D000000000001 /* ParentiOS.app */ = {isa = PBXFileReference; explicitFileType = wrapper.application; includeInIndex = 0; path = ParentiOS.app; sourceTree = BUILT_PRODUCTS_DIR; };
		A10000102B6D000000000001 /* ClaudexApp.swift */ = {isa = PBXFileReference; lastKnownFileType = sourcecode.swift; path = ClaudexApp.swift; sourceTree = "<group>"; };
		A10000122B6D000000000001 /* AppModels.swift */ = {isa = PBXFileReference; lastKnownFileType = sourcecode.swift; path = AppModels.swift; sourceTree = "<group>"; };
		A10000142B6D000000000001 /* PointsEngine.swift */ = {isa = PBXFileReference; lastKnownFileType = sourcecode.swift; path = PointsEngine.swift; sourceTree = "<group>"; };
		A10000162B6D000000000001 /* ScreenTimeService.swift */ = {isa = PBXFileReference; lastKnownFileType = sourcecode.swift; path = ScreenTimeService.swift; sourceTree = "<group>"; };
		A10000182B6D000000000001 /* SyncService.swift */ = {isa = PBXFileReference; lastKnownFileType = sourcecode.swift; path = SyncService.swift; sourceTree = "<group>"; };
		A100001B2B6D000000000001 /* ParentiOS-Info.plist */ = {isa = PBXFileReference; lastKnownFileType = text.plist.xml; path = "ParentiOS-Info.plist"; sourceTree = "<group>"; };
		A100001D2B6D000000000001 /* Parent.entitlements */ = {isa = PBXFileReference; lastKnownFileType = text.plist.entitlements; path = Parent.entitlements; sourceTree = "<group>"; };
		A100002F2B6D000000000001 /* AuthorizationCoordinator.swift */ = {isa = PBXFileReference; lastKnownFileType = sourcecode.swift; path = AuthorizationCoordinator.swift; sourceTree = "<group>"; };
		A10000332B6D000000000002 /* LearningSessionCoordinator.swift */ = {isa = PBXFileReference; lastKnownFileType = sourcecode.swift; path = LearningSessionCoordinator.swift; sourceTree = "<group>"; };
		A10000342B6D000000000002 /* RewardCoordinator.swift */ = {isa = PBXFileReference; lastKnownFileType = sourcecode.swift; path = RewardCoordinator.swift; sourceTree = "<group>"; };
		A10000352B6D000000000001 /* AuditLog.swift */ = {isa = PBXFileReference; lastKnownFileType = sourcecode.swift; path = AuditLog.swift; sourceTree = "<group>"; };
		A10000362B6D000000000003 /* AddChildSheet.swift */ = {isa = PBXFileReference; lastKnownFileType = sourcecode.swift; path = AddChildSheet.swift; sourceTree = "<group>"; };
		A10000372B6D000000000004 /* FeatureFlags.swift */ = {isa = PBXFileReference; lastKnownFileType = sourcecode.swift; path = FeatureFlags.swift; sourceTree = "<group>"; };
		A1E67DA07E9E4804A4A5151A /* ExportView.swift */ = {isa = PBXFileReference; lastKnownFileType = sourcecode.swift; path = ExportView.swift; sourceTree = "<group>"; };
		A20000392B6D000000000006 /* PairingStatusCard.swift */ = {isa = PBXFileReference; lastKnownFileType = sourcecode.swift; path = PairingStatusCard.swift; sourceTree = "<group>"; };
		A30000392B6D000000000008 /* ManageChildrenView.swift */ = {isa = PBXFileReference; lastKnownFileType = sourcecode.swift; path = ManageChildrenView.swift; sourceTree = "<group>"; };
		D06177B58C5C4EC19F9BD6E6 /* ExemptionManager.swift */ = {isa = PBXFileReference; lastKnownFileType = sourcecode.swift; path = ExemptionManager.swift; sourceTree = "<group>"; };
		E2D509F5020B4151859084D6 /* MultiChildDashboardView.swift */ = {isa = PBXFileReference; lastKnownFileType = sourcecode.swift; path = MultiChildDashboardView.swift; sourceTree = "<group>"; };
		E896DFBB48584CB187C1E735 /* AppCategorizationView.swift */ = {isa = PBXFileReference; lastKnownFileType = sourcecode.swift; path = AppCategorizationView.swift; sourceTree = "<group>"; };
		F68595205A864E8394A52EDD /* DashboardCard.swift */ = {isa = PBXFileReference; lastKnownFileType = sourcecode.swift; path = DashboardCard.swift; sourceTree = "<group>"; };
/* End PBXFileReference section */

/* Begin PBXFrameworksBuildPhase section */
		A10000062B6D000000000001 /* Frameworks */ = {
			isa = PBXFrameworksBuildPhase;
			buildActionMask = 2147483647;
			files = (
			);
			runOnlyForDeploymentPostprocessing = 0;
		};
/* End PBXFrameworksBuildPhase section */

/* Begin PBXGroup section */
		13673F6094824ACBB7E8CBA4 /* Views */ = {
			isa = PBXGroup;
			children = (
				432A8AA82E94AC6500E03796 /* ActiveRewardTimeView.swift */,
				432A8AA62E94AC5C00E03796 /* ChildModeHomeView.swift */,
				432A8AA42E92CF8A00E03796 /* DashboardView.swift */,
				432A8A9E2E92C7F000E03796 /* ChildRedemptionView.swift */,
				E896DFBB48584CB187C1E735 /* AppCategorizationView.swift */,
				E2D509F5020B4151859084D6 /* MultiChildDashboardView.swift */,
				34B90601D2FA400C847505DA /* ParentModeView.swift */,
				9198F97EF27D4025801FDA78 /* ChildLinkingView.swift */,
				12920D839D1A42189337E9DB /* PairingCodeView.swift */,
				F716BC1A5FC64DA68EB6E2C4 /* Components */,
			);
			path = Views;
			sourceTree = "<group>";
		};
		8B1BD99FB5F04C26B26A34C5 /* ViewModels */ = {
			isa = PBXGroup;
			children = (
				432A8A9C2E92C7DC00E03796 /* RedemptionCoordinator.swift */,
				6A98C0711BAE449B807EB55F /* DashboardViewModel.swift */,
				7D4EA94DCDE0464AB8F9F8F1 /* CategoryRulesManager.swift */,
				13DDA333D53741979BC786C8 /* ChildrenManager.swift */,
				A10000332B6D000000000002 /* LearningSessionCoordinator.swift */,
				A10000342B6D000000000002 /* RewardCoordinator.swift */,
			);
			path = ViewModels;
			sourceTree = "<group>";
		};
		A10000022B6D000000000001 = {
			isa = PBXGroup;
			children = (
				A100001E2B6D000000000001 /* apps */,
				A100001F2B6D000000000001 /* Sources */,
				A10000202B6D000000000001 /* plist */,
				A10000212B6D000000000001 /* entitlements */,
				A10000032B6D000000000001 /* Products */,
			);
			sourceTree = "<group>";
		};
		A10000032B6D000000000001 /* Products */ = {
			isa = PBXGroup;
			children = (
				A10000012B6D000000000001 /* ParentiOS.app */,
			);
			name = Products;
			sourceTree = "<group>";
		};
		A100001E2B6D000000000001 /* apps */ = {
			isa = PBXGroup;
			children = (
				A10000222B6D000000000001 /* ParentiOS */,
			);
			path = apps;
			sourceTree = "<group>";
		};
		A100001F2B6D000000000001 /* Sources */ = {
			isa = PBXGroup;
			children = (
				A10000232B6D000000000001 /* Core */,
				A10000242B6D000000000001 /* PointsEngine */,
				A10000252B6D000000000001 /* ScreenTimeService */,
				A10000262B6D000000000001 /* SyncKit */,
			);
			path = Sources;
			sourceTree = "<group>";
		};
		A10000202B6D000000000001 /* plist */ = {
			isa = PBXGroup;
			children = (
				A100001B2B6D000000000001 /* ParentiOS-Info.plist */,
			);
			path = plist;
			sourceTree = "<group>";
		};
		A10000212B6D000000000001 /* entitlements */ = {
			isa = PBXGroup;
			children = (
				A100001D2B6D000000000001 /* Parent.entitlements */,
			);
			path = entitlements;
			sourceTree = "<group>";
		};
		A10000222B6D000000000001 /* ParentiOS */ = {
			isa = PBXGroup;
			children = (
				A10000102B6D000000000001 /* ClaudexApp.swift */,
				8B1BD99FB5F04C26B26A34C5 /* ViewModels */,
				13673F6094824ACBB7E8CBA4 /* Views */,
			);
			path = ParentiOS;
			sourceTree = "<group>";
		};
		A10000232B6D000000000001 /* Core */ = {
			isa = PBXGroup;
			children = (
				A10000122B6D000000000001 /* AppModels.swift */,
				5CE7850EDF984DA8B28A3E41 /* DataExporter.swift */,
				9B1985C2240B42F0A30A0AAA /* PairingService.swift */,
				A10000352B6D000000000001 /* AuditLog.swift */,
				A10000372B6D000000000004 /* FeatureFlags.swift */,
			);
			path = Core;
			sourceTree = "<group>";
		};
		A10000242B6D000000000001 /* PointsEngine */ = {
			isa = PBXGroup;
			children = (
				A10000142B6D000000000001 /* PointsEngine.swift */,
				23B3A0A871F6497DA90A3104 /* PointsLedger.swift */,
				1A4D89FB4BB9434E9541282E /* RedemptionService.swift */,
				D06177B58C5C4EC19F9BD6E6 /* ExemptionManager.swift */,
			);
			path = PointsEngine;
			sourceTree = "<group>";
		};
		A10000252B6D000000000001 /* ScreenTimeService */ = {
			isa = PBXGroup;
			children = (
				A10000162B6D000000000001 /* ScreenTimeService.swift */,
				A100002F2B6D000000000001 /* AuthorizationCoordinator.swift */,
			);
			path = ScreenTimeService;
			sourceTree = "<group>";
		};
		A10000262B6D000000000001 /* SyncKit */ = {
			isa = PBXGroup;
			children = (
				432A8AA02E92CCE600E03796 /* CloudKitMapper.swift */,
				A10000182B6D000000000001 /* SyncService.swift */,
			);
			path = SyncKit;
			sourceTree = "<group>";
		};
		F716BC1A5FC64DA68EB6E2C4 /* Components */ = {
			isa = PBXGroup;
			children = (
				432A8AA22E92CF7700E03796 /* CountdownTimerView.swift */,
				F68595205A864E8394A52EDD /* DashboardCard.swift */,
				9172FD87BC4A44F6B24E0CE0 /* PointsBalanceCard.swift */,
				0F0A5A13C21542C79E447C5B /* LearningTimeCard.swift */,
				6075ADFFD2904E07AF741291 /* RedemptionsCard.swift */,
				0BF4E45F21A54E7EA0FA115F /* ShieldStatusCard.swift */,
				A20000392B6D000000000006 /* PairingStatusCard.swift */,
				A30000392B6D000000000008 /* ManageChildrenView.swift */,
				A1E67DA07E9E4804A4A5151A /* ExportView.swift */,
				A10000362B6D000000000003 /* AddChildSheet.swift */,
			);
			path = Components;
			sourceTree = "<group>";
		};
/* End PBXGroup section */

/* Begin PBXNativeTarget section */
		A10000042B6D000000000001 /* ParentiOS */ = {
			isa = PBXNativeTarget;
			buildConfigurationList = A100002B2B6D000000000001 /* Build configuration list for PBXNativeTarget "ParentiOS" */;
			buildPhases = (
				A10000052B6D000000000001 /* Sources */,
				A10000062B6D000000000001 /* Frameworks */,
				A10000072B6D000000000001 /* Resources */,
			);
			buildRules = (
			);
			dependencies = (
			);
			name = ParentiOS;
			productName = ParentiOS;
			productReference = A10000012B6D000000000001 /* ParentiOS.app */;
			productType = "com.apple.product-type.application";
		};
/* End PBXNativeTarget section */

/* Begin PBXProject section */
		A10000082B6D000000000001 /* Project object */ = {
			isa = PBXProject;
			attributes = {
				LastUpgradeCheck = 1550;
			};
			buildConfigurationList = A10000282B6D000000000001 /* Build configuration list for PBXProject "ClaudexScreenTimeRewards" */;
			compatibilityVersion = "Xcode 14.0";
			developmentRegion = en;
			hasScannedForEncodings = 0;
			knownRegions = (
				en,
				Base,
			);
			mainGroup = A10000022B6D000000000001;
			productRefGroup = A10000032B6D000000000001 /* Products */;
			projectDirPath = "";
			projectRoot = "";
			targets = (
				A10000042B6D000000000001 /* ParentiOS */,
			);
		};
/* End PBXProject section */

/* Begin PBXResourcesBuildPhase section */
		A10000072B6D000000000001 /* Resources */ = {
			isa = PBXResourcesBuildPhase;
			buildActionMask = 2147483647;
			files = (
			);
			runOnlyForDeploymentPostprocessing = 0;
		};
/* End PBXResourcesBuildPhase section */

/* Begin PBXSourcesBuildPhase section */
		A10000052B6D000000000001 /* Sources */ = {
			isa = PBXSourcesBuildPhase;
			buildActionMask = 2147483647;
			files = (
				A10000192B6D000000000001 /* SyncService.swift in Sources */,
				A10000172B6D000000000001 /* ScreenTimeService.swift in Sources */,
				A10000352B6D000000000002 /* AuditLog.swift in Sources */,
				A10000372B6D000000000005 /* FeatureFlags.swift in Sources */,
				A10000302B6D000000000001 /* AuthorizationCoordinator.swift in Sources */,
				A10000312B6D000000000002 /* LearningSessionCoordinator.swift in Sources */,
				A10000322B6D000000000002 /* RewardCoordinator.swift in Sources */,
				A10000362B6D000000000004 /* AddChildSheet.swift in Sources */,
				A10000152B6D000000000001 /* PointsEngine.swift in Sources */,
				A10000132B6D000000000001 /* AppModels.swift in Sources */,
				A10000112B6D000000000001 /* ClaudexApp.swift in Sources */,
				2B8030B084B34D7A835EE402 /* CategoryRulesManager.swift in Sources */,
				5C88686AC522427197256D46 /* AppCategorizationView.swift in Sources */,
				0DA412D2A02C44A195DF93B0 /* ChildrenManager.swift in Sources */,
				41682CBFDC404BF29C96053E /* MultiChildDashboardView.swift in Sources */,
				432A8AA72E94AC5C00E03796 /* ChildModeHomeView.swift in Sources */,
				C7687F500A96443693F21C1C /* DataExporter.swift in Sources */,
				66A679F598DD4497903C277E /* PairingService.swift in Sources */,
				432A8AA32E92CF7700E03796 /* CountdownTimerView.swift in Sources */,
				432A8AA12E92CCE600E03796 /* CloudKitMapper.swift in Sources */,
				AF74CC913F4642C88C9AB017 /* PointsLedger.swift in Sources */,
				4BC4A6A96C324133823D79C0 /* RedemptionService.swift in Sources */,
				62D49C4C7CF54D6D8C576E1E /* ExemptionManager.swift in Sources */,
				19B34F3A9B3046EFAD7A7ABE /* DashboardViewModel.swift in Sources */,
				1BEAD5F5331545D99E1B143F /* ParentModeView.swift in Sources */,
				912614E6AB404A9A80FF88C8 /* ChildLinkingView.swift in Sources */,
				EA86DFC2F35341E89D55A024 /* PairingCodeView.swift in Sources */,
				6A2DA29E8CBC420699994D28 /* DashboardCard.swift in Sources */,
				E0C89EBCDC374C4586984060 /* PointsBalanceCard.swift in Sources */,
				432A8A9D2E92C7DC00E03796 /* RedemptionCoordinator.swift in Sources */,
				64658F53A12048CBB3347791 /* LearningTimeCard.swift in Sources */,
				432A8AA52E92CF8A00E03796 /* DashboardView.swift in Sources */,
				08D6754CB3974B63BB5D7FD2 /* RedemptionsCard.swift in Sources */,
				432A8AA92E94AC6500E03796 /* ActiveRewardTimeView.swift in Sources */,
				8FEBEEDA189E40919E08B934 /* ShieldStatusCard.swift in Sources */,
				A20000382B6D000000000005 /* PairingStatusCard.swift in Sources */,
				A30000382B6D000000000007 /* ManageChildrenView.swift in Sources */,
				432A8A9F2E92C7F000E03796 /* ChildRedemptionView.swift in Sources */,
				6D28F1A6090F4DB9839CDE78 /* ExportView.swift in Sources */,
			);
			runOnlyForDeploymentPostprocessing = 0;
		};
/* End PBXSourcesBuildPhase section */

/* Begin XCBuildConfiguration section */
		A10000292B6D000000000001 /* Debug */ = {
			isa = XCBuildConfiguration;
			buildSettings = {
				ALWAYS_SEARCH_USER_PATHS = NO;
				CLANG_ANALYZER_NONNULL = YES;
				CLANG_ANALYZER_NUMBER_OBJECT_CONVERSION = YES_AGGRESSIVE;
				CLANG_CXX_LANGUAGE_STANDARD = "gnu++17";
				CLANG_ENABLE_MODULES = YES;
				CLANG_ENABLE_OBJC_ARC = YES;
				CLANG_WARN_BLOCK_CAPTURE_AUTORELEASING = YES;
				CLANG_WARN_BOOL_CONVERSION = YES;
				CLANG_WARN_COMMA = YES;
				CLANG_WARN_CONSTANT_CONVERSION = YES;
				CLANG_WARN_DEPRECATED_OBJC_IMPLEMENTATIONS = YES;
				CLANG_WARN_DIRECT_OBJC_ISA_USAGE = YES_ERROR;
				CLANG_WARN_DOCUMENTATION_COMMENTS = YES;
				CLANG_WARN_EMPTY_BODY = YES;
				CLANG_WARN_ENUM_CONVERSION = YES;
				CLANG_WARN_INFINITE_RECURSION = YES;
				CLANG_WARN_INT_CONVERSION = YES;
				CLANG_WARN_NON_LITERAL_NULL_CONVERSION = YES;
				CLANG_WARN_OBJC_IMPLICIT_RETAIN_SELF = YES;
				CLANG_WARN_OBJC_LITERAL_CONVERSION = YES;
				CLANG_WARN_RANGE_LOOP_ANALYSIS = YES;
				CLANG_WARN_STRICT_PROTOTYPES = YES;
				CLANG_WARN_SUSPICIOUS_MOVE = YES;
				CLANG_WARN_UNGUARDED_AVAILABILITY = YES_AGGRESSIVE;
				CODE_SIGN_STYLE = Automatic;
				COPY_PHASE_STRIP = NO;
				DEBUG_INFORMATION_FORMAT = dwarf;
				DEVELOPMENT_TEAM = KQ5KZR3DQ5;
				ENABLE_STRICT_OBJC_MSGSEND = YES;
				ENABLE_TESTABILITY = YES;
				GCC_C_LANGUAGE_STANDARD = gnu11;
				GCC_DYNAMIC_NO_PIC = NO;
				GCC_NO_COMMON_BLOCKS = YES;
				GCC_OPTIMIZATION_LEVEL = 0;
				GCC_PREPROCESSOR_DEFINITIONS = (
					"DEBUG=1",
					"$(inherited)",
				);
				GCC_WARN_64_TO_32_BIT_CONVERSION = YES;
				GCC_WARN_ABOUT_RETURN_TYPE = YES_ERROR;
				GCC_WARN_UNDECLARED_SELECTOR = YES;
				GCC_WARN_UNINITIALIZED_AUTOS = YES_AGGRESSIVE;
				GCC_WARN_UNUSED_FUNCTION = YES;
				GCC_WARN_UNUSED_VARIABLE = YES;
				IPHONEOS_DEPLOYMENT_TARGET = 16.0;
				MTL_ENABLE_DEBUG_INFO = INCLUDE_SOURCE;
				ONLY_ACTIVE_ARCH = YES;
				SDKROOT = iphoneos;
				SWIFT_ACTIVE_COMPILATION_CONDITIONS = DEBUG;
				SWIFT_OPTIMIZATION_LEVEL = "-Onone";
			};
			name = Debug;
		};
		A100002A2B6D000000000001 /* Release */ = {
			isa = XCBuildConfiguration;
			buildSettings = {
				ALWAYS_SEARCH_USER_PATHS = NO;
				CLANG_ANALYZER_NONNULL = YES;
				CLANG_ANALYZER_NUMBER_OBJECT_CONVERSION = YES_AGGRESSIVE;
				CLANG_CXX_LANGUAGE_STANDARD = "gnu++17";
				CLANG_ENABLE_MODULES = YES;
				CLANG_ENABLE_OBJC_ARC = YES;
				CLANG_WARN_BLOCK_CAPTURE_AUTORELEASING = YES;
				CLANG_WARN_BOOL_CONVERSION = YES;
				CLANG_WARN_COMMA = YES;
				CLANG_WARN_CONSTANT_CONVERSION = YES;
				CLANG_WARN_DEPRECATED_OBJC_IMPLEMENTATIONS = YES;
				CLANG_WARN_DIRECT_OBJC_ISA_USAGE = YES_ERROR;
				CLANG_WARN_DOCUMENTATION_COMMENTS = YES;
				CLANG_WARN_EMPTY_BODY = YES;
				CLANG_WARN_ENUM_CONVERSION = YES;
				CLANG_WARN_INFINITE_RECURSION = YES;
				CLANG_WARN_INT_CONVERSION = YES;
				CLANG_WARN_NON_LITERAL_NULL_CONVERSION = YES;
				CLANG_WARN_OBJC_IMPLICIT_RETAIN_SELF = YES;
				CLANG_WARN_OBJC_LITERAL_CONVERSION = YES;
				CLANG_WARN_RANGE_LOOP_ANALYSIS = YES;
				CLANG_WARN_STRICT_PROTOTYPES = YES;
				CLANG_WARN_SUSPICIOUS_MOVE = YES;
				CLANG_WARN_UNGUARDED_AVAILABILITY = YES_AGGRESSIVE;
				CODE_SIGN_STYLE = Automatic;
				COPY_PHASE_STRIP = NO;
				DEBUG_INFORMATION_FORMAT = "dwarf-with-dsym";
				DEVELOPMENT_TEAM = KQ5KZR3DQ5;
				ENABLE_NS_ASSERTIONS = NO;
				ENABLE_STRICT_OBJC_MSGSEND = YES;
				GCC_C_LANGUAGE_STANDARD = gnu11;
				GCC_NO_COMMON_BLOCKS = YES;
				GCC_WARN_64_TO_32_BIT_CONVERSION = YES;
				GCC_WARN_ABOUT_RETURN_TYPE = YES_ERROR;
				GCC_WARN_UNDECLARED_SELECTOR = YES;
				GCC_WARN_UNINITIALIZED_AUTOS = YES_AGGRESSIVE;
				GCC_WARN_UNUSED_FUNCTION = YES;
				GCC_WARN_UNUSED_VARIABLE = YES;
				IPHONEOS_DEPLOYMENT_TARGET = 16.0;
				MTL_ENABLE_DEBUG_INFO = NO;
				SDKROOT = iphoneos;
				SWIFT_COMPILATION_MODE = wholemodule;
				SWIFT_OPTIMIZATION_LEVEL = "-O";
			};
			name = Release;
		};
		A100002C2B6D000000000001 /* Debug */ = {
			isa = XCBuildConfiguration;
			buildSettings = {
				ASSETCATALOG_COMPILER_APPICON_NAME = AppIcon;
				CODE_SIGN_ENTITLEMENTS = entitlements/Parent.entitlements;
				CODE_SIGN_IDENTITY = "Apple Development";
				CODE_SIGN_STYLE = Automatic;
				CURRENT_PROJECT_VERSION = 1;
				DEVELOPMENT_TEAM = KQ5KZR3DQ5;
				GENERATE_INFOPLIST_FILE = NO;
				INFOPLIST_FILE = "plist/ParentiOS-Info.plist";
				IPHONEOS_DEPLOYMENT_TARGET = 16.0;
				LD_RUNPATH_SEARCH_PATHS = (
					"$(inherited)",
					"@executable_path/Frameworks",
				);
				PRODUCT_BUNDLE_IDENTIFIER = com.claudex.ScreentimeRewards;
				PRODUCT_NAME = "$(TARGET_NAME)";
				PROVISIONING_PROFILE_SPECIFIER = "";
				SWIFT_EMIT_LOC_STRINGS = YES;
				SWIFT_VERSION = 5.9;
				TARGETED_DEVICE_FAMILY = "1,2";
			};
			name = Debug;
		};
		A100002D2B6D000000000001 /* Release */ = {
			isa = XCBuildConfiguration;
			buildSettings = {
				ASSETCATALOG_COMPILER_APPICON_NAME = AppIcon;
				CODE_SIGN_ENTITLEMENTS = entitlements/Parent.entitlements;
				CODE_SIGN_IDENTITY = "Apple Development";
				CODE_SIGN_STYLE = Automatic;
				CURRENT_PROJECT_VERSION = 1;
				DEVELOPMENT_TEAM = KQ5KZR3DQ5;
				GENERATE_INFOPLIST_FILE = NO;
				INFOPLIST_FILE = "plist/ParentiOS-Info.plist";
				IPHONEOS_DEPLOYMENT_TARGET = 16.0;
				LD_RUNPATH_SEARCH_PATHS = (
					"$(inherited)",
					"@executable_path/Frameworks",
				);
				PRODUCT_BUNDLE_IDENTIFIER = com.claudex.ScreentimeRewards;
				PRODUCT_NAME = "$(TARGET_NAME)";
				PROVISIONING_PROFILE_SPECIFIER = "";
				SWIFT_EMIT_LOC_STRINGS = YES;
				SWIFT_VERSION = 5.9;
				TARGETED_DEVICE_FAMILY = "1,2";
			};
			name = Release;
		};
/* End XCBuildConfiguration section */

/* Begin XCConfigurationList section */
		A10000282B6D000000000001 /* Build configuration list for PBXProject "ClaudexScreenTimeRewards" */ = {
			isa = XCConfigurationList;
			buildConfigurations = (
				A10000292B6D000000000001 /* Debug */,
				A100002A2B6D000000000001 /* Release */,
			);
			defaultConfigurationIsVisible = 0;
			defaultConfigurationName = Debug;
		};
		A100002B2B6D000000000001 /* Build configuration list for PBXNativeTarget "ParentiOS" */ = {
			isa = XCConfigurationList;
			buildConfigurations = (
				A100002C2B6D000000000001 /* Debug */,
				A100002D2B6D000000000001 /* Release */,
			);
			defaultConfigurationIsVisible = 0;
			defaultConfigurationName = Debug;
		};
/* End XCConfigurationList section */
	};
	rootObject = A10000082B6D000000000001 /* Project object */;
}
